{
  "object": {
    "pins": [
      {
        "package": "vger",
        "repositoryURL": "https://github.com/audulus/vger.git",
        "state": {
          "branch": "main",
          "revision": "11a5577f29cdbb7dbb2ba66dc50d765a1cdba958",
          "version": null
        }
      }
    ]
  },
  "version": 1
}
