{
  "object": {
    "pins": [
      {
        "package": "vger",
        "repositoryURL": "https://github.com/audulus/vger.git",
        "state": {
          "branch": "main",
          "revision": "27c9b1ba236cc110c52212b08422bb756054431a",
          "version": null
        }
      }
    ]
  },
  "version": 1
}
