{
  "object": {
    "pins": [
      {
        "package": "vger",
        "repositoryURL": "https://github.com/audulus/vger.git",
        "state": {
          "branch": "tile-rendering",
          "revision": "787546f11a5db3eb086e9ed603c1b4239005a438",
          "version": null
        }
      }
    ]
  },
  "version": 1
}
